// !$*UTF8*$!
{
	archiveVersion = 1;
	classes = {
	};
	objectVersion = 46;
	objects = {

/* Begin PBXBuildFile section */
		64062A231958241A00C3FED5 /* UIButton+Style.m in Sources */ = {isa = PBXBuildFile; fileRef = 64062A221958241A00C3FED5 /* UIButton+Style.m */; };
		64062A261958248E00C3FED5 /* NSString+FontAwesome.m in Sources */ = {isa = PBXBuildFile; fileRef = 64062A251958248E00C3FED5 /* NSString+FontAwesome.m */; };
		642D8C4F18E52F2D0014FCFC /* TSFirstNavigation.m in Sources */ = {isa = PBXBuildFile; fileRef = 642D8C4E18E52F2D0014FCFC /* TSFirstNavigation.m */; };
		643A14E5195BB72E00854928 /* AFHTTPRequestOperation.m in Sources */ = {isa = PBXBuildFile; fileRef = 643A14D3195BB72E00854928 /* AFHTTPRequestOperation.m */; };
		643A14E6195BB72E00854928 /* AFHTTPRequestOperationManager.m in Sources */ = {isa = PBXBuildFile; fileRef = 643A14D5195BB72E00854928 /* AFHTTPRequestOperationManager.m */; };
		643A14E7195BB72E00854928 /* AFHTTPSessionManager.m in Sources */ = {isa = PBXBuildFile; fileRef = 643A14D7195BB72E00854928 /* AFHTTPSessionManager.m */; };
		643A14E8195BB72E00854928 /* AFNetworkReachabilityManager.m in Sources */ = {isa = PBXBuildFile; fileRef = 643A14DA195BB72E00854928 /* AFNetworkReachabilityManager.m */; };
		643A14E9195BB72E00854928 /* AFSecurityPolicy.m in Sources */ = {isa = PBXBuildFile; fileRef = 643A14DC195BB72E00854928 /* AFSecurityPolicy.m */; };
		643A14EA195BB72E00854928 /* AFURLConnectionOperation.m in Sources */ = {isa = PBXBuildFile; fileRef = 643A14DE195BB72E00854928 /* AFURLConnectionOperation.m */; };
		643A14EB195BB72E00854928 /* AFURLRequestSerialization.m in Sources */ = {isa = PBXBuildFile; fileRef = 643A14E0195BB72E00854928 /* AFURLRequestSerialization.m */; };
		643A14EC195BB72E00854928 /* AFURLResponseSerialization.m in Sources */ = {isa = PBXBuildFile; fileRef = 643A14E2195BB72E00854928 /* AFURLResponseSerialization.m */; };
		643A14ED195BB72E00854928 /* AFURLSessionManager.m in Sources */ = {isa = PBXBuildFile; fileRef = 643A14E4195BB72E00854928 /* AFURLSessionManager.m */; };
		643A1500195BB74200854928 /* AFNetworkActivityIndicatorManager.m in Sources */ = {isa = PBXBuildFile; fileRef = 643A14F0195BB74200854928 /* AFNetworkActivityIndicatorManager.m */; };
		643A1501195BB74200854928 /* UIActivityIndicatorView+AFNetworking.m in Sources */ = {isa = PBXBuildFile; fileRef = 643A14F2195BB74200854928 /* UIActivityIndicatorView+AFNetworking.m */; };
		643A1502195BB74200854928 /* UIAlertView+AFNetworking.m in Sources */ = {isa = PBXBuildFile; fileRef = 643A14F4195BB74200854928 /* UIAlertView+AFNetworking.m */; };
		643A1503195BB74200854928 /* UIButton+AFNetworking.m in Sources */ = {isa = PBXBuildFile; fileRef = 643A14F6195BB74200854928 /* UIButton+AFNetworking.m */; };
		643A1504195BB74200854928 /* UIImageView+AFNetworking.m in Sources */ = {isa = PBXBuildFile; fileRef = 643A14F8195BB74200854928 /* UIImageView+AFNetworking.m */; };
		643A1505195BB74200854928 /* UIProgressView+AFNetworking.m in Sources */ = {isa = PBXBuildFile; fileRef = 643A14FB195BB74200854928 /* UIProgressView+AFNetworking.m */; };
		643A1506195BB74200854928 /* UIRefreshControl+AFNetworking.m in Sources */ = {isa = PBXBuildFile; fileRef = 643A14FD195BB74200854928 /* UIRefreshControl+AFNetworking.m */; };
		643A1507195BB74200854928 /* UIWebView+AFNetworking.m in Sources */ = {isa = PBXBuildFile; fileRef = 643A14FF195BB74200854928 /* UIWebView+AFNetworking.m */; };
		64474CC5197A42CD000C1C7D /* TSMakeViewController.m in Sources */ = {isa = PBXBuildFile; fileRef = 64474CBA197A42CD000C1C7D /* TSMakeViewController.m */; };
		64474CC6197A42CD000C1C7D /* TSResultViewController.m in Sources */ = {isa = PBXBuildFile; fileRef = 64474CBC197A42CD000C1C7D /* TSResultViewController.m */; };
		64474CC7197A42CD000C1C7D /* TSfactoryTableViewController.m in Sources */ = {isa = PBXBuildFile; fileRef = 64474CBE197A42CD000C1C7D /* TSfactoryTableViewController.m */; };
		64474CC8197A42CD000C1C7D /* TSCoLtdpost.m in Sources */ = {isa = PBXBuildFile; fileRef = 64474CC0197A42CD000C1C7D /* TSCoLtdpost.m */; };
		64474CC9197A42CD000C1C7D /* TSFactorypost.m in Sources */ = {isa = PBXBuildFile; fileRef = 64474CC2197A42CD000C1C7D /* TSFactorypost.m */; };
		64474CCA197A42CD000C1C7D /* TSThridNavigationController.m in Sources */ = {isa = PBXBuildFile; fileRef = 64474CC4197A42CD000C1C7D /* TSThridNavigationController.m */; };
		64474CCD197AADBF000C1C7D /* SearchThridTableViewController.m in Sources */ = {isa = PBXBuildFile; fileRef = 64474CCC197AADBF000C1C7D /* SearchThridTableViewController.m */; };
		6457DE0618E55E49008193BC /* UIImage+UIImageExtras.m in Sources */ = {isa = PBXBuildFile; fileRef = 6457DE0518E55E49008193BC /* UIImage+UIImageExtras.m */; };
		647F35E919616A240014A64F /* MJRefresh.bundle in Resources */ = {isa = PBXBuildFile; fileRef = 647F35D919616A240014A64F /* MJRefresh.bundle */; };
		647F35EA19616A240014A64F /* MJRefreshBaseView.m in Sources */ = {isa = PBXBuildFile; fileRef = 647F35DC19616A240014A64F /* MJRefreshBaseView.m */; };
		647F35EB19616A240014A64F /* MJRefreshConst.m in Sources */ = {isa = PBXBuildFile; fileRef = 647F35DE19616A240014A64F /* MJRefreshConst.m */; };
		647F35EC19616A240014A64F /* MJRefreshFooterView.m in Sources */ = {isa = PBXBuildFile; fileRef = 647F35E019616A240014A64F /* MJRefreshFooterView.m */; };
		647F35ED19616A240014A64F /* MJRefreshHeaderView.m in Sources */ = {isa = PBXBuildFile; fileRef = 647F35E219616A240014A64F /* MJRefreshHeaderView.m */; };
		647F35EE19616A240014A64F /* UIScrollView+Extension.m in Sources */ = {isa = PBXBuildFile; fileRef = 647F35E419616A240014A64F /* UIScrollView+Extension.m */; };
		647F35EF19616A240014A64F /* UIScrollView+MJRefresh.m in Sources */ = {isa = PBXBuildFile; fileRef = 647F35E619616A240014A64F /* UIScrollView+MJRefresh.m */; };
		647F35F019616A240014A64F /* UIView+Extension.m in Sources */ = {isa = PBXBuildFile; fileRef = 647F35E819616A240014A64F /* UIView+Extension.m */; };
		647F35F319625A840014A64F /* UIView+FoxExtras.m in Sources */ = {isa = PBXBuildFile; fileRef = 647F35F219625A840014A64F /* UIView+FoxExtras.m */; };
		649E303E197A4030002E22DD /* Images.xcassets in Resources */ = {isa = PBXBuildFile; fileRef = 649E303D197A4030002E22DD /* Images.xcassets */; };
		64FA00C518E409A0006E12B2 /* Foundation.framework in Frameworks */ = {isa = PBXBuildFile; fileRef = 64FA00C418E409A0006E12B2 /* Foundation.framework */; };
		64FA00C718E409A0006E12B2 /* CoreGraphics.framework in Frameworks */ = {isa = PBXBuildFile; fileRef = 64FA00C618E409A0006E12B2 /* CoreGraphics.framework */; };
		64FA00C918E409A0006E12B2 /* UIKit.framework in Frameworks */ = {isa = PBXBuildFile; fileRef = 64FA00C818E409A0006E12B2 /* UIKit.framework */; };
		64FA00CF18E409A0006E12B2 /* InfoPlist.strings in Resources */ = {isa = PBXBuildFile; fileRef = 64FA00CD18E409A0006E12B2 /* InfoPlist.strings */; };
		64FA00D118E409A0006E12B2 /* main.m in Sources */ = {isa = PBXBuildFile; fileRef = 64FA00D018E409A0006E12B2 /* main.m */; };
		64FA00D518E409A0006E12B2 /* TSAppDelegate.m in Sources */ = {isa = PBXBuildFile; fileRef = 64FA00D418E409A0006E12B2 /* TSAppDelegate.m */; };
		64FA00D818E409A0006E12B2 /* Main.storyboard in Resources */ = {isa = PBXBuildFile; fileRef = 64FA00D618E409A0006E12B2 /* Main.storyboard */; };
		64FA00DB18E409A0006E12B2 /* TSFirstViewController.m in Sources */ = {isa = PBXBuildFile; fileRef = 64FA00DA18E409A0006E12B2 /* TSFirstViewController.m */; };
		64FA00DE18E409A0006E12B2 /* TSSecondViewController.m in Sources */ = {isa = PBXBuildFile; fileRef = 64FA00DD18E409A0006E12B2 /* TSSecondViewController.m */; };
		64FA00E718E409A0006E12B2 /* XCTest.framework in Frameworks */ = {isa = PBXBuildFile; fileRef = 64FA00E618E409A0006E12B2 /* XCTest.framework */; };
		64FA00E818E409A0006E12B2 /* Foundation.framework in Frameworks */ = {isa = PBXBuildFile; fileRef = 64FA00C418E409A0006E12B2 /* Foundation.framework */; };
		64FA00E918E409A0006E12B2 /* UIKit.framework in Frameworks */ = {isa = PBXBuildFile; fileRef = 64FA00C818E409A0006E12B2 /* UIKit.framework */; };
		64FA00F118E409A0006E12B2 /* InfoPlist.strings in Resources */ = {isa = PBXBuildFile; fileRef = 64FA00EF18E409A0006E12B2 /* InfoPlist.strings */; };
		64FA00F318E409A0006E12B2 /* TS51huapaoTests.m in Sources */ = {isa = PBXBuildFile; fileRef = 64FA00F218E409A0006E12B2 /* TS51huapaoTests.m */; };
		64FA010718E41314006E12B2 /* Localizable.strings in Resources */ = {isa = PBXBuildFile; fileRef = 64FA010918E41314006E12B2 /* Localizable.strings */; };
		64FA010F18E41910006E12B2 /* TSThridViewController.m in Sources */ = {isa = PBXBuildFile; fileRef = 64FA010E18E41910006E12B2 /* TSThridViewController.m */; };
		64FA011318E41CFB006E12B2 /* TSMainTabBarController.m in Sources */ = {isa = PBXBuildFile; fileRef = 64FA011218E41CFB006E12B2 /* TSMainTabBarController.m */; };
		EB00B1F2196CF03E00F7388E /* TSForthViewController.m in Sources */ = {isa = PBXBuildFile; fileRef = EB00B1F1196CF03E00F7388E /* TSForthViewController.m */; };
		EB00B1F5196D923200F7388E /* TSForthViewControllerCell.m in Sources */ = {isa = PBXBuildFile; fileRef = EB00B1F4196D923200F7388E /* TSForthViewControllerCell.m */; };
		EB06889E1973CA3B001AC4C1 /* FMDatabase.m in Sources */ = {isa = PBXBuildFile; fileRef = EB0688941973CA3B001AC4C1 /* FMDatabase.m */; settings = {COMPILER_FLAGS = "-fobjc-arc"; }; };
		EB06889F1973CA3B001AC4C1 /* FMDatabaseAdditions.m in Sources */ = {isa = PBXBuildFile; fileRef = EB0688961973CA3B001AC4C1 /* FMDatabaseAdditions.m */; settings = {COMPILER_FLAGS = "-fobjc-arc"; }; };
		EB0688A01973CA3B001AC4C1 /* FMDatabasePool.m in Sources */ = {isa = PBXBuildFile; fileRef = EB0688981973CA3B001AC4C1 /* FMDatabasePool.m */; settings = {COMPILER_FLAGS = "-fobjc-arc"; }; };
		EB0688A11973CA3B001AC4C1 /* FMDatabaseQueue.m in Sources */ = {isa = PBXBuildFile; fileRef = EB06889A1973CA3B001AC4C1 /* FMDatabaseQueue.m */; settings = {COMPILER_FLAGS = "-fobjc-arc"; }; };
		EB0688A21973CA3B001AC4C1 /* FMResultSet.m in Sources */ = {isa = PBXBuildFile; fileRef = EB06889D1973CA3B001AC4C1 /* FMResultSet.m */; settings = {COMPILER_FLAGS = "-fobjc-arc"; }; };
		EB0688A41973CBE2001AC4C1 /* libsqlite3.dylib in Frameworks */ = {isa = PBXBuildFile; fileRef = EB0688A31973CBE2001AC4C1 /* libsqlite3.dylib */; };
		EB0688A71973CFBE001AC4C1 /* UIImage+saveimage.m in Sources */ = {isa = PBXBuildFile; fileRef = EB0688A61973CFBE001AC4C1 /* UIImage+saveimage.m */; };
		EB0688AB1973D7DB001AC4C1 /* TSrecommendPost.m in Sources */ = {isa = PBXBuildFile; fileRef = EB0688AA1973D7DB001AC4C1 /* TSrecommendPost.m */; };
		EB0688AE1973E7A4001AC4C1 /* TSItemDetailPost.m in Sources */ = {isa = PBXBuildFile; fileRef = EB0688AD1973E7A4001AC4C1 /* TSItemDetailPost.m */; };
		EB0688B119740E77001AC4C1 /* TSItemDetaillTableViewController.m in Sources */ = {isa = PBXBuildFile; fileRef = EB0688B019740E77001AC4C1 /* TSItemDetaillTableViewController.m */; };
		EB081666196E247F00C03045 /* 1.png in Resources */ = {isa = PBXBuildFile; fileRef = EB081665196E247F00C03045 /* 1.png */; };
		EB081668196E281900C03045 /* 1.png in Resources */ = {isa = PBXBuildFile; fileRef = EB081667196E281900C03045 /* 1.png */; };
		EB08168D196E858D00C03045 /* detalis_thubmail.png in Resources */ = {isa = PBXBuildFile; fileRef = EB08168C196E858D00C03045 /* detalis_thubmail.png */; };
		EB086819196F886600EF416B /* WebViewController.m in Sources */ = {isa = PBXBuildFile; fileRef = EB086818196F886600EF416B /* WebViewController.m */; };
		EB0AB52E19760EA400FBF1B6 /* TSItemListPost.m in Sources */ = {isa = PBXBuildFile; fileRef = EB0AB52D19760EA400FBF1B6 /* TSItemListPost.m */; };
		EB5BDBA31972EC7100403299 /* TSAppDoNetAPIClient.m in Sources */ = {isa = PBXBuildFile; fileRef = EB5BDBA21972EC7100403299 /* TSAppDoNetAPIClient.m */; };
		EB642BCC197508DC00E4E527 /* TSCommentPost.m in Sources */ = {isa = PBXBuildFile; fileRef = EB642BCB197508DC00E4E527 /* TSCommentPost.m */; };
		EB81EDD11972397600AAE4DA /* TSItemTableViewCell.m in Sources */ = {isa = PBXBuildFile; fileRef = EB81EDCF1972397600AAE4DA /* TSItemTableViewCell.m */; };
		EB81EDD21972397600AAE4DA /* TSItemTableViewCell.xib in Resources */ = {isa = PBXBuildFile; fileRef = EB81EDD01972397600AAE4DA /* TSItemTableViewCell.xib */; };
		EB81EDDD19727E4900AAE4DA /* TSRcmd.m in Sources */ = {isa = PBXBuildFile; fileRef = EB81EDDC19727E4900AAE4DA /* TSRcmd.m */; };
		EBC2525E1972CD00006835A6 /* NSString+URLEncoding.m in Sources */ = {isa = PBXBuildFile; fileRef = EBC2525C1972CD00006835A6 /* NSString+URLEncoding.m */; };
		EBC2526D1972D565006835A6 /* TSItemListTableViewController.m in Sources */ = {isa = PBXBuildFile; fileRef = EBC2526B1972D565006835A6 /* TSItemListTableViewController.m */; };
		EBC2526E1972D565006835A6 /* TSItemListTableViewController.xib in Resources */ = {isa = PBXBuildFile; fileRef = EBC2526C1972D565006835A6 /* TSItemListTableViewController.xib */; };
/* End PBXBuildFile section */

/* Begin PBXContainerItemProxy section */
		64FA00EA18E409A0006E12B2 /* PBXContainerItemProxy */ = {
			isa = PBXContainerItemProxy;
			containerPortal = 64FA00B918E409A0006E12B2 /* Project object */;
			proxyType = 1;
			remoteGlobalIDString = 64FA00C018E409A0006E12B2;
			remoteInfo = TS51huapao;
		};
/* End PBXContainerItemProxy section */

/* Begin PBXFileReference section */
		64062A211958241A00C3FED5 /* UIButton+Style.h */ = {isa = PBXFileReference; fileEncoding = 4; lastKnownFileType = sourcecode.c.h; path = "UIButton+Style.h"; sourceTree = "<group>"; };
		64062A221958241A00C3FED5 /* UIButton+Style.m */ = {isa = PBXFileReference; fileEncoding = 4; lastKnownFileType = sourcecode.c.objc; path = "UIButton+Style.m"; sourceTree = "<group>"; };
		64062A241958248E00C3FED5 /* NSString+FontAwesome.h */ = {isa = PBXFileReference; fileEncoding = 4; lastKnownFileType = sourcecode.c.h; path = "NSString+FontAwesome.h"; sourceTree = "<group>"; };
		64062A251958248E00C3FED5 /* NSString+FontAwesome.m */ = {isa = PBXFileReference; fileEncoding = 4; lastKnownFileType = sourcecode.c.objc; path = "NSString+FontAwesome.m"; sourceTree = "<group>"; };
		642D8C4D18E52F2D0014FCFC /* TSFirstNavigation.h */ = {isa = PBXFileReference; fileEncoding = 4; lastKnownFileType = sourcecode.c.h; path = TSFirstNavigation.h; sourceTree = "<group>"; };
		642D8C4E18E52F2D0014FCFC /* TSFirstNavigation.m */ = {isa = PBXFileReference; fileEncoding = 4; lastKnownFileType = sourcecode.c.objc; path = TSFirstNavigation.m; sourceTree = "<group>"; };
		643A14D2195BB72E00854928 /* AFHTTPRequestOperation.h */ = {isa = PBXFileReference; fileEncoding = 4; lastKnownFileType = sourcecode.c.h; path = AFHTTPRequestOperation.h; sourceTree = "<group>"; };
		643A14D3195BB72E00854928 /* AFHTTPRequestOperation.m */ = {isa = PBXFileReference; fileEncoding = 4; lastKnownFileType = sourcecode.c.objc; path = AFHTTPRequestOperation.m; sourceTree = "<group>"; };
		643A14D4195BB72E00854928 /* AFHTTPRequestOperationManager.h */ = {isa = PBXFileReference; fileEncoding = 4; lastKnownFileType = sourcecode.c.h; path = AFHTTPRequestOperationManager.h; sourceTree = "<group>"; };
		643A14D5195BB72E00854928 /* AFHTTPRequestOperationManager.m */ = {isa = PBXFileReference; fileEncoding = 4; lastKnownFileType = sourcecode.c.objc; path = AFHTTPRequestOperationManager.m; sourceTree = "<group>"; };
		643A14D6195BB72E00854928 /* AFHTTPSessionManager.h */ = {isa = PBXFileReference; fileEncoding = 4; lastKnownFileType = sourcecode.c.h; path = AFHTTPSessionManager.h; sourceTree = "<group>"; };
		643A14D7195BB72E00854928 /* AFHTTPSessionManager.m */ = {isa = PBXFileReference; fileEncoding = 4; lastKnownFileType = sourcecode.c.objc; path = AFHTTPSessionManager.m; sourceTree = "<group>"; };
		643A14D8195BB72E00854928 /* AFNetworking.h */ = {isa = PBXFileReference; fileEncoding = 4; lastKnownFileType = sourcecode.c.h; path = AFNetworking.h; sourceTree = "<group>"; };
		643A14D9195BB72E00854928 /* AFNetworkReachabilityManager.h */ = {isa = PBXFileReference; fileEncoding = 4; lastKnownFileType = sourcecode.c.h; path = AFNetworkReachabilityManager.h; sourceTree = "<group>"; };
		643A14DA195BB72E00854928 /* AFNetworkReachabilityManager.m */ = {isa = PBXFileReference; fileEncoding = 4; lastKnownFileType = sourcecode.c.objc; path = AFNetworkReachabilityManager.m; sourceTree = "<group>"; };
		643A14DB195BB72E00854928 /* AFSecurityPolicy.h */ = {isa = PBXFileReference; fileEncoding = 4; lastKnownFileType = sourcecode.c.h; path = AFSecurityPolicy.h; sourceTree = "<group>"; };
		643A14DC195BB72E00854928 /* AFSecurityPolicy.m */ = {isa = PBXFileReference; fileEncoding = 4; lastKnownFileType = sourcecode.c.objc; path = AFSecurityPolicy.m; sourceTree = "<group>"; };
		643A14DD195BB72E00854928 /* AFURLConnectionOperation.h */ = {isa = PBXFileReference; fileEncoding = 4; lastKnownFileType = sourcecode.c.h; path = AFURLConnectionOperation.h; sourceTree = "<group>"; };
		643A14DE195BB72E00854928 /* AFURLConnectionOperation.m */ = {isa = PBXFileReference; fileEncoding = 4; lastKnownFileType = sourcecode.c.objc; path = AFURLConnectionOperation.m; sourceTree = "<group>"; };
		643A14DF195BB72E00854928 /* AFURLRequestSerialization.h */ = {isa = PBXFileReference; fileEncoding = 4; lastKnownFileType = sourcecode.c.h; path = AFURLRequestSerialization.h; sourceTree = "<group>"; };
		643A14E0195BB72E00854928 /* AFURLRequestSerialization.m */ = {isa = PBXFileReference; fileEncoding = 4; lastKnownFileType = sourcecode.c.objc; path = AFURLRequestSerialization.m; sourceTree = "<group>"; };
		643A14E1195BB72E00854928 /* AFURLResponseSerialization.h */ = {isa = PBXFileReference; fileEncoding = 4; lastKnownFileType = sourcecode.c.h; path = AFURLResponseSerialization.h; sourceTree = "<group>"; };
		643A14E2195BB72E00854928 /* AFURLResponseSerialization.m */ = {isa = PBXFileReference; fileEncoding = 4; lastKnownFileType = sourcecode.c.objc; path = AFURLResponseSerialization.m; sourceTree = "<group>"; };
		643A14E3195BB72E00854928 /* AFURLSessionManager.h */ = {isa = PBXFileReference; fileEncoding = 4; lastKnownFileType = sourcecode.c.h; path = AFURLSessionManager.h; sourceTree = "<group>"; };
		643A14E4195BB72E00854928 /* AFURLSessionManager.m */ = {isa = PBXFileReference; fileEncoding = 4; lastKnownFileType = sourcecode.c.objc; path = AFURLSessionManager.m; sourceTree = "<group>"; };
		643A14EF195BB74200854928 /* AFNetworkActivityIndicatorManager.h */ = {isa = PBXFileReference; fileEncoding = 4; lastKnownFileType = sourcecode.c.h; path = AFNetworkActivityIndicatorManager.h; sourceTree = "<group>"; };
		643A14F0195BB74200854928 /* AFNetworkActivityIndicatorManager.m */ = {isa = PBXFileReference; fileEncoding = 4; lastKnownFileType = sourcecode.c.objc; path = AFNetworkActivityIndicatorManager.m; sourceTree = "<group>"; };
		643A14F1195BB74200854928 /* UIActivityIndicatorView+AFNetworking.h */ = {isa = PBXFileReference; fileEncoding = 4; lastKnownFileType = sourcecode.c.h; path = "UIActivityIndicatorView+AFNetworking.h"; sourceTree = "<group>"; };
		643A14F2195BB74200854928 /* UIActivityIndicatorView+AFNetworking.m */ = {isa = PBXFileReference; fileEncoding = 4; lastKnownFileType = sourcecode.c.objc; path = "UIActivityIndicatorView+AFNetworking.m"; sourceTree = "<group>"; };
		643A14F3195BB74200854928 /* UIAlertView+AFNetworking.h */ = {isa = PBXFileReference; fileEncoding = 4; lastKnownFileType = sourcecode.c.h; path = "UIAlertView+AFNetworking.h"; sourceTree = "<group>"; };
		643A14F4195BB74200854928 /* UIAlertView+AFNetworking.m */ = {isa = PBXFileReference; fileEncoding = 4; lastKnownFileType = sourcecode.c.objc; path = "UIAlertView+AFNetworking.m"; sourceTree = "<group>"; };
		643A14F5195BB74200854928 /* UIButton+AFNetworking.h */ = {isa = PBXFileReference; fileEncoding = 4; lastKnownFileType = sourcecode.c.h; path = "UIButton+AFNetworking.h"; sourceTree = "<group>"; };
		643A14F6195BB74200854928 /* UIButton+AFNetworking.m */ = {isa = PBXFileReference; fileEncoding = 4; lastKnownFileType = sourcecode.c.objc; path = "UIButton+AFNetworking.m"; sourceTree = "<group>"; };
		643A14F7195BB74200854928 /* UIImageView+AFNetworking.h */ = {isa = PBXFileReference; fileEncoding = 4; lastKnownFileType = sourcecode.c.h; path = "UIImageView+AFNetworking.h"; sourceTree = "<group>"; };
		643A14F8195BB74200854928 /* UIImageView+AFNetworking.m */ = {isa = PBXFileReference; fileEncoding = 4; lastKnownFileType = sourcecode.c.objc; path = "UIImageView+AFNetworking.m"; sourceTree = "<group>"; };
		643A14F9195BB74200854928 /* UIKit+AFNetworking.h */ = {isa = PBXFileReference; fileEncoding = 4; lastKnownFileType = sourcecode.c.h; path = "UIKit+AFNetworking.h"; sourceTree = "<group>"; };
		643A14FA195BB74200854928 /* UIProgressView+AFNetworking.h */ = {isa = PBXFileReference; fileEncoding = 4; lastKnownFileType = sourcecode.c.h; path = "UIProgressView+AFNetworking.h"; sourceTree = "<group>"; };
		643A14FB195BB74200854928 /* UIProgressView+AFNetworking.m */ = {isa = PBXFileReference; fileEncoding = 4; lastKnownFileType = sourcecode.c.objc; path = "UIProgressView+AFNetworking.m"; sourceTree = "<group>"; };
		643A14FC195BB74200854928 /* UIRefreshControl+AFNetworking.h */ = {isa = PBXFileReference; fileEncoding = 4; lastKnownFileType = sourcecode.c.h; path = "UIRefreshControl+AFNetworking.h"; sourceTree = "<group>"; };
		643A14FD195BB74200854928 /* UIRefreshControl+AFNetworking.m */ = {isa = PBXFileReference; fileEncoding = 4; lastKnownFileType = sourcecode.c.objc; path = "UIRefreshControl+AFNetworking.m"; sourceTree = "<group>"; };
		643A14FE195BB74200854928 /* UIWebView+AFNetworking.h */ = {isa = PBXFileReference; fileEncoding = 4; lastKnownFileType = sourcecode.c.h; path = "UIWebView+AFNetworking.h"; sourceTree = "<group>"; };
		643A14FF195BB74200854928 /* UIWebView+AFNetworking.m */ = {isa = PBXFileReference; fileEncoding = 4; lastKnownFileType = sourcecode.c.objc; path = "UIWebView+AFNetworking.m"; sourceTree = "<group>"; };
		64474CB9197A42CD000C1C7D /* TSMakeViewController.h */ = {isa = PBXFileReference; fileEncoding = 4; lastKnownFileType = sourcecode.c.h; path = TSMakeViewController.h; sourceTree = "<group>"; };
		64474CBA197A42CD000C1C7D /* TSMakeViewController.m */ = {isa = PBXFileReference; fileEncoding = 4; lastKnownFileType = sourcecode.c.objc; path = TSMakeViewController.m; sourceTree = "<group>"; };
		64474CBB197A42CD000C1C7D /* TSResultViewController.h */ = {isa = PBXFileReference; fileEncoding = 4; lastKnownFileType = sourcecode.c.h; path = TSResultViewController.h; sourceTree = "<group>"; };
		64474CBC197A42CD000C1C7D /* TSResultViewController.m */ = {isa = PBXFileReference; fileEncoding = 4; lastKnownFileType = sourcecode.c.objc; path = TSResultViewController.m; sourceTree = "<group>"; };
		64474CBD197A42CD000C1C7D /* TSfactoryTableViewController.h */ = {isa = PBXFileReference; fileEncoding = 4; lastKnownFileType = sourcecode.c.h; path = TSfactoryTableViewController.h; sourceTree = "<group>"; };
		64474CBE197A42CD000C1C7D /* TSfactoryTableViewController.m */ = {isa = PBXFileReference; fileEncoding = 4; lastKnownFileType = sourcecode.c.objc; path = TSfactoryTableViewController.m; sourceTree = "<group>"; };
		64474CBF197A42CD000C1C7D /* TSCoLtdpost.h */ = {isa = PBXFileReference; fileEncoding = 4; lastKnownFileType = sourcecode.c.h; path = TSCoLtdpost.h; sourceTree = "<group>"; };
		64474CC0197A42CD000C1C7D /* TSCoLtdpost.m */ = {isa = PBXFileReference; fileEncoding = 4; lastKnownFileType = sourcecode.c.objc; path = TSCoLtdpost.m; sourceTree = "<group>"; };
		64474CC1197A42CD000C1C7D /* TSFactorypost.h */ = {isa = PBXFileReference; fileEncoding = 4; lastKnownFileType = sourcecode.c.h; path = TSFactorypost.h; sourceTree = "<group>"; };
		64474CC2197A42CD000C1C7D /* TSFactorypost.m */ = {isa = PBXFileReference; fileEncoding = 4; lastKnownFileType = sourcecode.c.objc; path = TSFactorypost.m; sourceTree = "<group>"; };
		64474CC3197A42CD000C1C7D /* TSThridNavigationController.h */ = {isa = PBXFileReference; fileEncoding = 4; lastKnownFileType = sourcecode.c.h; path = TSThridNavigationController.h; sourceTree = "<group>"; };
		64474CC4197A42CD000C1C7D /* TSThridNavigationController.m */ = {isa = PBXFileReference; fileEncoding = 4; lastKnownFileType = sourcecode.c.objc; path = TSThridNavigationController.m; sourceTree = "<group>"; };
		64474CCB197AADBF000C1C7D /* SearchThridTableViewController.h */ = {isa = PBXFileReference; fileEncoding = 4; lastKnownFileType = sourcecode.c.h; path = SearchThridTableViewController.h; sourceTree = "<group>"; };
		64474CCC197AADBF000C1C7D /* SearchThridTableViewController.m */ = {isa = PBXFileReference; fileEncoding = 4; lastKnownFileType = sourcecode.c.objc; path = SearchThridTableViewController.m; sourceTree = "<group>"; };
		6457DE0418E55E49008193BC /* UIImage+UIImageExtras.h */ = {isa = PBXFileReference; fileEncoding = 4; lastKnownFileType = sourcecode.c.h; path = "UIImage+UIImageExtras.h"; sourceTree = "<group>"; };
		6457DE0518E55E49008193BC /* UIImage+UIImageExtras.m */ = {isa = PBXFileReference; fileEncoding = 4; lastKnownFileType = sourcecode.c.objc; path = "UIImage+UIImageExtras.m"; sourceTree = "<group>"; };
		647F35D919616A240014A64F /* MJRefresh.bundle */ = {isa = PBXFileReference; lastKnownFileType = "wrapper.plug-in"; path = MJRefresh.bundle; sourceTree = "<group>"; };
		647F35DA19616A240014A64F /* MJRefresh.h */ = {isa = PBXFileReference; fileEncoding = 4; lastKnownFileType = sourcecode.c.h; path = MJRefresh.h; sourceTree = "<group>"; };
		647F35DB19616A240014A64F /* MJRefreshBaseView.h */ = {isa = PBXFileReference; fileEncoding = 4; lastKnownFileType = sourcecode.c.h; path = MJRefreshBaseView.h; sourceTree = "<group>"; };
		647F35DC19616A240014A64F /* MJRefreshBaseView.m */ = {isa = PBXFileReference; fileEncoding = 4; lastKnownFileType = sourcecode.c.objc; path = MJRefreshBaseView.m; sourceTree = "<group>"; };
		647F35DD19616A240014A64F /* MJRefreshConst.h */ = {isa = PBXFileReference; fileEncoding = 4; lastKnownFileType = sourcecode.c.h; path = MJRefreshConst.h; sourceTree = "<group>"; };
		647F35DE19616A240014A64F /* MJRefreshConst.m */ = {isa = PBXFileReference; fileEncoding = 4; lastKnownFileType = sourcecode.c.objc; path = MJRefreshConst.m; sourceTree = "<group>"; };
		647F35DF19616A240014A64F /* MJRefreshFooterView.h */ = {isa = PBXFileReference; fileEncoding = 4; lastKnownFileType = sourcecode.c.h; path = MJRefreshFooterView.h; sourceTree = "<group>"; };
		647F35E019616A240014A64F /* MJRefreshFooterView.m */ = {isa = PBXFileReference; fileEncoding = 4; lastKnownFileType = sourcecode.c.objc; path = MJRefreshFooterView.m; sourceTree = "<group>"; };
		647F35E119616A240014A64F /* MJRefreshHeaderView.h */ = {isa = PBXFileReference; fileEncoding = 4; lastKnownFileType = sourcecode.c.h; path = MJRefreshHeaderView.h; sourceTree = "<group>"; };
		647F35E219616A240014A64F /* MJRefreshHeaderView.m */ = {isa = PBXFileReference; fileEncoding = 4; lastKnownFileType = sourcecode.c.objc; path = MJRefreshHeaderView.m; sourceTree = "<group>"; };
		647F35E319616A240014A64F /* UIScrollView+Extension.h */ = {isa = PBXFileReference; fileEncoding = 4; lastKnownFileType = sourcecode.c.h; path = "UIScrollView+Extension.h"; sourceTree = "<group>"; };
		647F35E419616A240014A64F /* UIScrollView+Extension.m */ = {isa = PBXFileReference; fileEncoding = 4; lastKnownFileType = sourcecode.c.objc; path = "UIScrollView+Extension.m"; sourceTree = "<group>"; };
		647F35E519616A240014A64F /* UIScrollView+MJRefresh.h */ = {isa = PBXFileReference; fileEncoding = 4; lastKnownFileType = sourcecode.c.h; path = "UIScrollView+MJRefresh.h"; sourceTree = "<group>"; };
		647F35E619616A240014A64F /* UIScrollView+MJRefresh.m */ = {isa = PBXFileReference; fileEncoding = 4; lastKnownFileType = sourcecode.c.objc; path = "UIScrollView+MJRefresh.m"; sourceTree = "<group>"; };
		647F35E719616A240014A64F /* UIView+Extension.h */ = {isa = PBXFileReference; fileEncoding = 4; lastKnownFileType = sourcecode.c.h; path = "UIView+Extension.h"; sourceTree = "<group>"; };
		647F35E819616A240014A64F /* UIView+Extension.m */ = {isa = PBXFileReference; fileEncoding = 4; lastKnownFileType = sourcecode.c.objc; path = "UIView+Extension.m"; sourceTree = "<group>"; };
		647F35F119625A840014A64F /* UIView+FoxExtras.h */ = {isa = PBXFileReference; fileEncoding = 4; lastKnownFileType = sourcecode.c.h; path = "UIView+FoxExtras.h"; sourceTree = "<group>"; };
		647F35F219625A840014A64F /* UIView+FoxExtras.m */ = {isa = PBXFileReference; fileEncoding = 4; lastKnownFileType = sourcecode.c.objc; path = "UIView+FoxExtras.m"; sourceTree = "<group>"; };
		649E303D197A4030002E22DD /* Images.xcassets */ = {isa = PBXFileReference; lastKnownFileType = folder.assetcatalog; path = Images.xcassets; sourceTree = "<group>"; };
		64FA00C118E409A0006E12B2 /* TS51huapao.app */ = {isa = PBXFileReference; explicitFileType = wrapper.application; includeInIndex = 0; path = TS51huapao.app; sourceTree = BUILT_PRODUCTS_DIR; };
		64FA00C418E409A0006E12B2 /* Foundation.framework */ = {isa = PBXFileReference; lastKnownFileType = wrapper.framework; name = Foundation.framework; path = System/Library/Frameworks/Foundation.framework; sourceTree = SDKROOT; };
		64FA00C618E409A0006E12B2 /* CoreGraphics.framework */ = {isa = PBXFileReference; lastKnownFileType = wrapper.framework; name = CoreGraphics.framework; path = System/Library/Frameworks/CoreGraphics.framework; sourceTree = SDKROOT; };
		64FA00C818E409A0006E12B2 /* UIKit.framework */ = {isa = PBXFileReference; lastKnownFileType = wrapper.framework; name = UIKit.framework; path = System/Library/Frameworks/UIKit.framework; sourceTree = SDKROOT; };
		64FA00CC18E409A0006E12B2 /* TS51huapao-Info.plist */ = {isa = PBXFileReference; lastKnownFileType = text.plist.xml; path = "TS51huapao-Info.plist"; sourceTree = "<group>"; };
		64FA00CE18E409A0006E12B2 /* en */ = {isa = PBXFileReference; lastKnownFileType = text.plist.strings; name = en; path = en.lproj/InfoPlist.strings; sourceTree = "<group>"; };
		64FA00D018E409A0006E12B2 /* main.m */ = {isa = PBXFileReference; lastKnownFileType = sourcecode.c.objc; path = main.m; sourceTree = "<group>"; };
		64FA00D218E409A0006E12B2 /* TS51huapao-Prefix.pch */ = {isa = PBXFileReference; lastKnownFileType = sourcecode.c.h; path = "TS51huapao-Prefix.pch"; sourceTree = "<group>"; };
		64FA00D318E409A0006E12B2 /* TSAppDelegate.h */ = {isa = PBXFileReference; lastKnownFileType = sourcecode.c.h; path = TSAppDelegate.h; sourceTree = "<group>"; };
		64FA00D418E409A0006E12B2 /* TSAppDelegate.m */ = {isa = PBXFileReference; lastKnownFileType = sourcecode.c.objc; path = TSAppDelegate.m; sourceTree = "<group>"; };
		64FA00D718E409A0006E12B2 /* Base */ = {isa = PBXFileReference; lastKnownFileType = file.storyboard; name = Base; path = Base.lproj/Main.storyboard; sourceTree = "<group>"; };
		64FA00D918E409A0006E12B2 /* TSFirstViewController.h */ = {isa = PBXFileReference; lastKnownFileType = sourcecode.c.h; path = TSFirstViewController.h; sourceTree = "<group>"; };
		64FA00DA18E409A0006E12B2 /* TSFirstViewController.m */ = {isa = PBXFileReference; lastKnownFileType = sourcecode.c.objc; path = TSFirstViewController.m; sourceTree = "<group>"; };
		64FA00DC18E409A0006E12B2 /* TSSecondViewController.h */ = {isa = PBXFileReference; lastKnownFileType = sourcecode.c.h; path = TSSecondViewController.h; sourceTree = "<group>"; };
		64FA00DD18E409A0006E12B2 /* TSSecondViewController.m */ = {isa = PBXFileReference; lastKnownFileType = sourcecode.c.objc; path = TSSecondViewController.m; sourceTree = "<group>"; };
		64FA00E518E409A0006E12B2 /* TS51huapaoTests.xctest */ = {isa = PBXFileReference; explicitFileType = wrapper.cfbundle; includeInIndex = 0; path = TS51huapaoTests.xctest; sourceTree = BUILT_PRODUCTS_DIR; };
		64FA00E618E409A0006E12B2 /* XCTest.framework */ = {isa = PBXFileReference; lastKnownFileType = wrapper.framework; name = XCTest.framework; path = Library/Frameworks/XCTest.framework; sourceTree = DEVELOPER_DIR; };
		64FA00EE18E409A0006E12B2 /* TS51huapaoTests-Info.plist */ = {isa = PBXFileReference; lastKnownFileType = text.plist.xml; path = "TS51huapaoTests-Info.plist"; sourceTree = "<group>"; };
		64FA00F018E409A0006E12B2 /* en */ = {isa = PBXFileReference; lastKnownFileType = text.plist.strings; name = en; path = en.lproj/InfoPlist.strings; sourceTree = "<group>"; };
		64FA00F218E409A0006E12B2 /* TS51huapaoTests.m */ = {isa = PBXFileReference; lastKnownFileType = sourcecode.c.objc; path = TS51huapaoTests.m; sourceTree = "<group>"; };
		64FA010118E40F23006E12B2 /* zh-Hans */ = {isa = PBXFileReference; lastKnownFileType = text.plist.strings; name = "zh-Hans"; path = "zh-Hans.lproj/Main.strings"; sourceTree = "<group>"; };
		64FA010218E40F23006E12B2 /* zh-Hans */ = {isa = PBXFileReference; lastKnownFileType = text.plist.strings; name = "zh-Hans"; path = "zh-Hans.lproj/InfoPlist.strings"; sourceTree = "<group>"; };
		64FA010318E40F23006E12B2 /* zh-Hans */ = {isa = PBXFileReference; lastKnownFileType = text.plist.strings; name = "zh-Hans"; path = "zh-Hans.lproj/InfoPlist.strings"; sourceTree = "<group>"; };
		64FA010618E412CD006E12B2 /* Base */ = {isa = PBXFileReference; lastKnownFileType = text.plist.strings; name = Base; path = Base.lproj/InfoPlist.strings; sourceTree = "<group>"; };
		64FA010818E41314006E12B2 /* zh-Hans */ = {isa = PBXFileReference; lastKnownFileType = text.plist.strings; name = "zh-Hans"; path = "zh-Hans.lproj/Localizable.strings"; sourceTree = "<group>"; };
		64FA010A18E41322006E12B2 /* en */ = {isa = PBXFileReference; lastKnownFileType = text.plist.strings; name = en; path = en.lproj/Localizable.strings; sourceTree = "<group>"; };
		64FA010C18E4139B006E12B2 /* en */ = {isa = PBXFileReference; lastKnownFileType = text.plist.strings; name = en; path = en.lproj/Main.strings; sourceTree = "<group>"; };
		64FA010D18E41910006E12B2 /* TSThridViewController.h */ = {isa = PBXFileReference; fileEncoding = 4; lastKnownFileType = sourcecode.c.h; path = TSThridViewController.h; sourceTree = "<group>"; };
		64FA010E18E41910006E12B2 /* TSThridViewController.m */ = {isa = PBXFileReference; fileEncoding = 4; lastKnownFileType = sourcecode.c.objc; path = TSThridViewController.m; sourceTree = "<group>"; };
		64FA011118E41CFB006E12B2 /* TSMainTabBarController.h */ = {isa = PBXFileReference; fileEncoding = 4; lastKnownFileType = sourcecode.c.h; path = TSMainTabBarController.h; sourceTree = "<group>"; };
		64FA011218E41CFB006E12B2 /* TSMainTabBarController.m */ = {isa = PBXFileReference; fileEncoding = 4; lastKnownFileType = sourcecode.c.objc; path = TSMainTabBarController.m; sourceTree = "<group>"; };
		EB00B1F0196CF03E00F7388E /* TSForthViewController.h */ = {isa = PBXFileReference; fileEncoding = 4; lastKnownFileType = sourcecode.c.h; path = TSForthViewController.h; sourceTree = "<group>"; };
		EB00B1F1196CF03E00F7388E /* TSForthViewController.m */ = {isa = PBXFileReference; fileEncoding = 4; lastKnownFileType = sourcecode.c.objc; path = TSForthViewController.m; sourceTree = "<group>"; };
		EB00B1F3196D923200F7388E /* TSForthViewControllerCell.h */ = {isa = PBXFileReference; fileEncoding = 4; lastKnownFileType = sourcecode.c.h; path = TSForthViewControllerCell.h; sourceTree = "<group>"; };
		EB00B1F4196D923200F7388E /* TSForthViewControllerCell.m */ = {isa = PBXFileReference; fileEncoding = 4; lastKnownFileType = sourcecode.c.objc; path = TSForthViewControllerCell.m; sourceTree = "<group>"; };
		EB0688931973CA3B001AC4C1 /* FMDatabase.h */ = {isa = PBXFileReference; fileEncoding = 4; lastKnownFileType = sourcecode.c.h; path = FMDatabase.h; sourceTree = "<group>"; };
		EB0688941973CA3B001AC4C1 /* FMDatabase.m */ = {isa = PBXFileReference; fileEncoding = 4; lastKnownFileType = sourcecode.c.objc; path = FMDatabase.m; sourceTree = "<group>"; };
		EB0688951973CA3B001AC4C1 /* FMDatabaseAdditions.h */ = {isa = PBXFileReference; fileEncoding = 4; lastKnownFileType = sourcecode.c.h; path = FMDatabaseAdditions.h; sourceTree = "<group>"; };
		EB0688961973CA3B001AC4C1 /* FMDatabaseAdditions.m */ = {isa = PBXFileReference; fileEncoding = 4; lastKnownFileType = sourcecode.c.objc; path = FMDatabaseAdditions.m; sourceTree = "<group>"; };
		EB0688971973CA3B001AC4C1 /* FMDatabasePool.h */ = {isa = PBXFileReference; fileEncoding = 4; lastKnownFileType = sourcecode.c.h; path = FMDatabasePool.h; sourceTree = "<group>"; };
		EB0688981973CA3B001AC4C1 /* FMDatabasePool.m */ = {isa = PBXFileReference; fileEncoding = 4; lastKnownFileType = sourcecode.c.objc; path = FMDatabasePool.m; sourceTree = "<group>"; };
		EB0688991973CA3B001AC4C1 /* FMDatabaseQueue.h */ = {isa = PBXFileReference; fileEncoding = 4; lastKnownFileType = sourcecode.c.h; path = FMDatabaseQueue.h; sourceTree = "<group>"; };
		EB06889A1973CA3B001AC4C1 /* FMDatabaseQueue.m */ = {isa = PBXFileReference; fileEncoding = 4; lastKnownFileType = sourcecode.c.objc; path = FMDatabaseQueue.m; sourceTree = "<group>"; };
		EB06889B1973CA3B001AC4C1 /* FMDB.h */ = {isa = PBXFileReference; fileEncoding = 4; lastKnownFileType = sourcecode.c.h; path = FMDB.h; sourceTree = "<group>"; };
		EB06889C1973CA3B001AC4C1 /* FMResultSet.h */ = {isa = PBXFileReference; fileEncoding = 4; lastKnownFileType = sourcecode.c.h; path = FMResultSet.h; sourceTree = "<group>"; };
		EB06889D1973CA3B001AC4C1 /* FMResultSet.m */ = {isa = PBXFileReference; fileEncoding = 4; lastKnownFileType = sourcecode.c.objc; path = FMResultSet.m; sourceTree = "<group>"; };
		EB0688A31973CBE2001AC4C1 /* libsqlite3.dylib */ = {isa = PBXFileReference; lastKnownFileType = "compiled.mach-o.dylib"; name = libsqlite3.dylib; path = usr/lib/libsqlite3.dylib; sourceTree = SDKROOT; };
		EB0688A51973CFBE001AC4C1 /* UIImage+saveimage.h */ = {isa = PBXFileReference; fileEncoding = 4; lastKnownFileType = sourcecode.c.h; path = "UIImage+saveimage.h"; sourceTree = "<group>"; };
		EB0688A61973CFBE001AC4C1 /* UIImage+saveimage.m */ = {isa = PBXFileReference; fileEncoding = 4; lastKnownFileType = sourcecode.c.objc; path = "UIImage+saveimage.m"; sourceTree = "<group>"; };
		EB0688A91973D7DB001AC4C1 /* TSrecommendPost.h */ = {isa = PBXFileReference; fileEncoding = 4; lastKnownFileType = sourcecode.c.h; path = TSrecommendPost.h; sourceTree = "<group>"; };
		EB0688AA1973D7DB001AC4C1 /* TSrecommendPost.m */ = {isa = PBXFileReference; fileEncoding = 4; lastKnownFileType = sourcecode.c.objc; path = TSrecommendPost.m; sourceTree = "<group>"; };
		EB0688AC1973E7A4001AC4C1 /* TSItemDetailPost.h */ = {isa = PBXFileReference; fileEncoding = 4; lastKnownFileType = sourcecode.c.h; path = TSItemDetailPost.h; sourceTree = "<group>"; };
		EB0688AD1973E7A4001AC4C1 /* TSItemDetailPost.m */ = {isa = PBXFileReference; fileEncoding = 4; lastKnownFileType = sourcecode.c.objc; path = TSItemDetailPost.m; sourceTree = "<group>"; };
		EB0688AF19740E77001AC4C1 /* TSItemDetaillTableViewController.h */ = {isa = PBXFileReference; fileEncoding = 4; lastKnownFileType = sourcecode.c.h; path = TSItemDetaillTableViewController.h; sourceTree = "<group>"; };
		EB0688B019740E77001AC4C1 /* TSItemDetaillTableViewController.m */ = {isa = PBXFileReference; fileEncoding = 4; lastKnownFileType = sourcecode.c.objc; path = TSItemDetaillTableViewController.m; sourceTree = "<group>"; };
		EB081665196E247F00C03045 /* 1.png */ = {isa = PBXFileReference; lastKnownFileType = image.png; path = 1.png; sourceTree = "<group>"; };
		EB081667196E281900C03045 /* 1.png */ = {isa = PBXFileReference; lastKnownFileType = image.png; path = 1.png; sourceTree = "<group>"; };
		EB08168C196E858D00C03045 /* detalis_thubmail.png */ = {isa = PBXFileReference; lastKnownFileType = image.png; path = detalis_thubmail.png; sourceTree = "<group>"; };
		EB086817196F886600EF416B /* WebViewController.h */ = {isa = PBXFileReference; fileEncoding = 4; lastKnownFileType = sourcecode.c.h; path = WebViewController.h; sourceTree = "<group>"; };
		EB086818196F886600EF416B /* WebViewController.m */ = {isa = PBXFileReference; fileEncoding = 4; lastKnownFileType = sourcecode.c.objc; path = WebViewController.m; sourceTree = "<group>"; };
		EB0AB52C19760EA400FBF1B6 /* TSItemListPost.h */ = {isa = PBXFileReference; fileEncoding = 4; lastKnownFileType = sourcecode.c.h; path = TSItemListPost.h; sourceTree = "<group>"; };
		EB0AB52D19760EA400FBF1B6 /* TSItemListPost.m */ = {isa = PBXFileReference; fileEncoding = 4; lastKnownFileType = sourcecode.c.objc; path = TSItemListPost.m; sourceTree = "<group>"; };
		EB5BDBA11972EC7100403299 /* TSAppDoNetAPIClient.h */ = {isa = PBXFileReference; fileEncoding = 4; lastKnownFileType = sourcecode.c.h; path = TSAppDoNetAPIClient.h; sourceTree = "<group>"; };
		EB5BDBA21972EC7100403299 /* TSAppDoNetAPIClient.m */ = {isa = PBXFileReference; fileEncoding = 4; lastKnownFileType = sourcecode.c.objc; path = TSAppDoNetAPIClient.m; sourceTree = "<group>"; };
		EB642BCA197508DC00E4E527 /* TSCommentPost.h */ = {isa = PBXFileReference; fileEncoding = 4; lastKnownFileType = sourcecode.c.h; path = TSCommentPost.h; sourceTree = "<group>"; };
		EB642BCB197508DC00E4E527 /* TSCommentPost.m */ = {isa = PBXFileReference; fileEncoding = 4; lastKnownFileType = sourcecode.c.objc; path = TSCommentPost.m; sourceTree = "<group>"; };
		EB81EDCE1972397600AAE4DA /* TSItemTableViewCell.h */ = {isa = PBXFileReference; fileEncoding = 4; lastKnownFileType = sourcecode.c.h; path = TSItemTableViewCell.h; sourceTree = "<group>"; };
		EB81EDCF1972397600AAE4DA /* TSItemTableViewCell.m */ = {isa = PBXFileReference; fileEncoding = 4; lastKnownFileType = sourcecode.c.objc; path = TSItemTableViewCell.m; sourceTree = "<group>"; };
		EB81EDD01972397600AAE4DA /* TSItemTableViewCell.xib */ = {isa = PBXFileReference; fileEncoding = 4; lastKnownFileType = file.xib; path = TSItemTableViewCell.xib; sourceTree = "<group>"; };
		EB81EDDB19727E4900AAE4DA /* TSRcmd.h */ = {isa = PBXFileReference; fileEncoding = 4; lastKnownFileType = sourcecode.c.h; path = TSRcmd.h; sourceTree = "<group>"; };
		EB81EDDC19727E4900AAE4DA /* TSRcmd.m */ = {isa = PBXFileReference; fileEncoding = 4; lastKnownFileType = sourcecode.c.objc; path = TSRcmd.m; sourceTree = "<group>"; };
		EBC2525C1972CD00006835A6 /* NSString+URLEncoding.m */ = {isa = PBXFileReference; fileEncoding = 4; lastKnownFileType = sourcecode.c.objc; path = "NSString+URLEncoding.m"; sourceTree = "<group>"; };
		EBC2525D1972CD00006835A6 /* NSString+URLEncoding.h */ = {isa = PBXFileReference; fileEncoding = 4; lastKnownFileType = sourcecode.c.h; path = "NSString+URLEncoding.h"; sourceTree = "<group>"; };
		EBC2526A1972D565006835A6 /* TSItemListTableViewController.h */ = {isa = PBXFileReference; fileEncoding = 4; lastKnownFileType = sourcecode.c.h; path = TSItemListTableViewController.h; sourceTree = "<group>"; };
		EBC2526B1972D565006835A6 /* TSItemListTableViewController.m */ = {isa = PBXFileReference; fileEncoding = 4; lastKnownFileType = sourcecode.c.objc; path = TSItemListTableViewController.m; sourceTree = "<group>"; };
		EBC2526C1972D565006835A6 /* TSItemListTableViewController.xib */ = {isa = PBXFileReference; fileEncoding = 4; lastKnownFileType = file.xib; path = TSItemListTableViewController.xib; sourceTree = "<group>"; };
/* End PBXFileReference section */

/* Begin PBXFrameworksBuildPhase section */
		64FA00BE18E409A0006E12B2 /* Frameworks */ = {
			isa = PBXFrameworksBuildPhase;
			buildActionMask = 2147483647;
			files = (
				EB0688A41973CBE2001AC4C1 /* libsqlite3.dylib in Frameworks */,
				64FA00C718E409A0006E12B2 /* CoreGraphics.framework in Frameworks */,
				64FA00C918E409A0006E12B2 /* UIKit.framework in Frameworks */,
				64FA00C518E409A0006E12B2 /* Foundation.framework in Frameworks */,
			);
			runOnlyForDeploymentPostprocessing = 0;
		};
		64FA00E218E409A0006E12B2 /* Frameworks */ = {
			isa = PBXFrameworksBuildPhase;
			buildActionMask = 2147483647;
			files = (
				64FA00E718E409A0006E12B2 /* XCTest.framework in Frameworks */,
				64FA00E918E409A0006E12B2 /* UIKit.framework in Frameworks */,
				64FA00E818E409A0006E12B2 /* Foundation.framework in Frameworks */,
			);
			runOnlyForDeploymentPostprocessing = 0;
		};
/* End PBXFrameworksBuildPhase section */

/* Begin PBXGroup section */
		643A14D0195BB71500854928 /* Vendor */ = {
			isa = PBXGroup;
			children = (
				EB0688921973CA3B001AC4C1 /* fmdb */,
				647F35D819616A240014A64F /* MJRefresh */,
				643A14D1195BB72E00854928 /* AFNetworking */,
				643A14EE195BB74200854928 /* UIKit+AFNetworking */,
			);
			name = Vendor;
			sourceTree = "<group>";
		};
		643A14D1195BB72E00854928 /* AFNetworking */ = {
			isa = PBXGroup;
			children = (
				643A14D2195BB72E00854928 /* AFHTTPRequestOperation.h */,
				643A14D3195BB72E00854928 /* AFHTTPRequestOperation.m */,
				643A14D4195BB72E00854928 /* AFHTTPRequestOperationManager.h */,
				643A14D5195BB72E00854928 /* AFHTTPRequestOperationManager.m */,
				643A14D6195BB72E00854928 /* AFHTTPSessionManager.h */,
				643A14D7195BB72E00854928 /* AFHTTPSessionManager.m */,
				643A14D8195BB72E00854928 /* AFNetworking.h */,
				643A14D9195BB72E00854928 /* AFNetworkReachabilityManager.h */,
				643A14DA195BB72E00854928 /* AFNetworkReachabilityManager.m */,
				643A14DB195BB72E00854928 /* AFSecurityPolicy.h */,
				643A14DC195BB72E00854928 /* AFSecurityPolicy.m */,
				643A14DD195BB72E00854928 /* AFURLConnectionOperation.h */,
				643A14DE195BB72E00854928 /* AFURLConnectionOperation.m */,
				643A14DF195BB72E00854928 /* AFURLRequestSerialization.h */,
				643A14E0195BB72E00854928 /* AFURLRequestSerialization.m */,
				643A14E1195BB72E00854928 /* AFURLResponseSerialization.h */,
				643A14E2195BB72E00854928 /* AFURLResponseSerialization.m */,
				643A14E3195BB72E00854928 /* AFURLSessionManager.h */,
				643A14E4195BB72E00854928 /* AFURLSessionManager.m */,
			);
			path = AFNetworking;
			sourceTree = "<group>";
		};
		643A14EE195BB74200854928 /* UIKit+AFNetworking */ = {
			isa = PBXGroup;
			children = (
				643A14EF195BB74200854928 /* AFNetworkActivityIndicatorManager.h */,
				643A14F0195BB74200854928 /* AFNetworkActivityIndicatorManager.m */,
				643A14F1195BB74200854928 /* UIActivityIndicatorView+AFNetworking.h */,
				643A14F2195BB74200854928 /* UIActivityIndicatorView+AFNetworking.m */,
				643A14F3195BB74200854928 /* UIAlertView+AFNetworking.h */,
				643A14F4195BB74200854928 /* UIAlertView+AFNetworking.m */,
				643A14F5195BB74200854928 /* UIButton+AFNetworking.h */,
				643A14F6195BB74200854928 /* UIButton+AFNetworking.m */,
				643A14F7195BB74200854928 /* UIImageView+AFNetworking.h */,
				643A14F8195BB74200854928 /* UIImageView+AFNetworking.m */,
				643A14F9195BB74200854928 /* UIKit+AFNetworking.h */,
				643A14FA195BB74200854928 /* UIProgressView+AFNetworking.h */,
				643A14FB195BB74200854928 /* UIProgressView+AFNetworking.m */,
				643A14FC195BB74200854928 /* UIRefreshControl+AFNetworking.h */,
				643A14FD195BB74200854928 /* UIRefreshControl+AFNetworking.m */,
				643A14FE195BB74200854928 /* UIWebView+AFNetworking.h */,
				643A14FF195BB74200854928 /* UIWebView+AFNetworking.m */,
			);
			path = "UIKit+AFNetworking";
			sourceTree = "<group>";
		};
		6457DE0318E55E06008193BC /* Fox-Categroy */ = {
			isa = PBXGroup;
			children = (
				6457DE0418E55E49008193BC /* UIImage+UIImageExtras.h */,
				6457DE0518E55E49008193BC /* UIImage+UIImageExtras.m */,
				EBC2525C1972CD00006835A6 /* NSString+URLEncoding.m */,
				EBC2525D1972CD00006835A6 /* NSString+URLEncoding.h */,
				64062A211958241A00C3FED5 /* UIButton+Style.h */,
				64062A221958241A00C3FED5 /* UIButton+Style.m */,
				64062A241958248E00C3FED5 /* NSString+FontAwesome.h */,
				64062A251958248E00C3FED5 /* NSString+FontAwesome.m */,
				647F35F119625A840014A64F /* UIView+FoxExtras.h */,
				647F35F219625A840014A64F /* UIView+FoxExtras.m */,
			);
			name = "Fox-Categroy";
			sourceTree = "<group>";
		};
		647F35D819616A240014A64F /* MJRefresh */ = {
			isa = PBXGroup;
			children = (
				647F35D919616A240014A64F /* MJRefresh.bundle */,
				647F35DA19616A240014A64F /* MJRefresh.h */,
				647F35DB19616A240014A64F /* MJRefreshBaseView.h */,
				647F35DC19616A240014A64F /* MJRefreshBaseView.m */,
				647F35DD19616A240014A64F /* MJRefreshConst.h */,
				647F35DE19616A240014A64F /* MJRefreshConst.m */,
				647F35DF19616A240014A64F /* MJRefreshFooterView.h */,
				647F35E019616A240014A64F /* MJRefreshFooterView.m */,
				647F35E119616A240014A64F /* MJRefreshHeaderView.h */,
				647F35E219616A240014A64F /* MJRefreshHeaderView.m */,
				647F35E319616A240014A64F /* UIScrollView+Extension.h */,
				647F35E419616A240014A64F /* UIScrollView+Extension.m */,
				647F35E519616A240014A64F /* UIScrollView+MJRefresh.h */,
				647F35E619616A240014A64F /* UIScrollView+MJRefresh.m */,
				647F35E719616A240014A64F /* UIView+Extension.h */,
				647F35E819616A240014A64F /* UIView+Extension.m */,
			);
			path = MJRefresh;
			sourceTree = "<group>";
		};
		64FA00B818E409A0006E12B2 = {
			isa = PBXGroup;
			children = (
				649E303D197A4030002E22DD /* Images.xcassets */,
				64FA00CA18E409A0006E12B2 /* TS51huapao */,
				64FA00EC18E409A0006E12B2 /* TS51huapaoTests */,
				64FA00C318E409A0006E12B2 /* Frameworks */,
				64FA00C218E409A0006E12B2 /* Products */,
			);
			sourceTree = "<group>";
		};
		64FA00C218E409A0006E12B2 /* Products */ = {
			isa = PBXGroup;
			children = (
				64FA00C118E409A0006E12B2 /* TS51huapao.app */,
				64FA00E518E409A0006E12B2 /* TS51huapaoTests.xctest */,
			);
			name = Products;
			sourceTree = "<group>";
		};
		64FA00C318E409A0006E12B2 /* Frameworks */ = {
			isa = PBXGroup;
			children = (
				EB0688A31973CBE2001AC4C1 /* libsqlite3.dylib */,
				64FA00C418E409A0006E12B2 /* Foundation.framework */,
				64FA00C618E409A0006E12B2 /* CoreGraphics.framework */,
				64FA00C818E409A0006E12B2 /* UIKit.framework */,
				64FA00E618E409A0006E12B2 /* XCTest.framework */,
			);
			name = Frameworks;
			sourceTree = "<group>";
		};
		64FA00CA18E409A0006E12B2 /* TS51huapao */ = {
			isa = PBXGroup;
			children = (
				643A14D0195BB71500854928 /* Vendor */,
				6457DE0318E55E06008193BC /* Fox-Categroy */,
				EB0688A81973D7A7001AC4C1 /* Models */,
				64FA010018E40AF0006E12B2 /* Application */,
				64FA011018E41C5F006E12B2 /* MainTabBar */,
				EBC2525F1972D3D9006835A6 /* item */,
				64FA00FC18E40A7B006E12B2 /* FristView */,
				64FA00FD18E40A92006E12B2 /* SecondView */,
				64FA00FE18E40A9F006E12B2 /* ThridView */,
				64FA00FF18E40AA9006E12B2 /* ForthView */,
				64FA00CB18E409A0006E12B2 /* Supporting Files */,
			);
			path = TS51huapao;
			sourceTree = "<group>";
		};
		64FA00CB18E409A0006E12B2 /* Supporting Files */ = {
			isa = PBXGroup;
			children = (
				64FA00CC18E409A0006E12B2 /* TS51huapao-Info.plist */,
				64FA00D018E409A0006E12B2 /* main.m */,
				64FA00D218E409A0006E12B2 /* TS51huapao-Prefix.pch */,
			);
			name = "Supporting Files";
			sourceTree = "<group>";
		};
		64FA00EC18E409A0006E12B2 /* TS51huapaoTests */ = {
			isa = PBXGroup;
			children = (
				64FA00F218E409A0006E12B2 /* TS51huapaoTests.m */,
				64FA00ED18E409A0006E12B2 /* Supporting Files */,
			);
			path = TS51huapaoTests;
			sourceTree = "<group>";
		};
		64FA00ED18E409A0006E12B2 /* Supporting Files */ = {
			isa = PBXGroup;
			children = (
				64FA00EE18E409A0006E12B2 /* TS51huapaoTests-Info.plist */,
				EB081665196E247F00C03045 /* 1.png */,
				64FA00EF18E409A0006E12B2 /* InfoPlist.strings */,
			);
			name = "Supporting Files";
			sourceTree = "<group>";
		};
		64FA00FC18E40A7B006E12B2 /* FristView */ = {
			isa = PBXGroup;
			children = (
				64FA00D918E409A0006E12B2 /* TSFirstViewController.h */,
				64FA00DA18E409A0006E12B2 /* TSFirstViewController.m */,
				EB0688A51973CFBE001AC4C1 /* UIImage+saveimage.h */,
				EB0688A61973CFBE001AC4C1 /* UIImage+saveimage.m */,
				EB81EDDB19727E4900AAE4DA /* TSRcmd.h */,
				EB81EDDC19727E4900AAE4DA /* TSRcmd.m */,
				642D8C4D18E52F2D0014FCFC /* TSFirstNavigation.h */,
				642D8C4E18E52F2D0014FCFC /* TSFirstNavigation.m */,
			);
			name = FristView;
			sourceTree = "<group>";
		};
		64FA00FD18E40A92006E12B2 /* SecondView */ = {
			isa = PBXGroup;
			children = (
				64FA00DC18E409A0006E12B2 /* TSSecondViewController.h */,
				64FA00DD18E409A0006E12B2 /* TSSecondViewController.m */,
			);
			name = SecondView;
			sourceTree = "<group>";
		};
		64FA00FE18E40A9F006E12B2 /* ThridView */ = {
			isa = PBXGroup;
			children = (
				64FA010D18E41910006E12B2 /* TSThridViewController.h */,
				64FA010E18E41910006E12B2 /* TSThridViewController.m */,
				64474CB9197A42CD000C1C7D /* TSMakeViewController.h */,
				64474CBA197A42CD000C1C7D /* TSMakeViewController.m */,
				64474CBB197A42CD000C1C7D /* TSResultViewController.h */,
				64474CBC197A42CD000C1C7D /* TSResultViewController.m */,
				64474CBD197A42CD000C1C7D /* TSfactoryTableViewController.h */,
				64474CBE197A42CD000C1C7D /* TSfactoryTableViewController.m */,
				64474CBF197A42CD000C1C7D /* TSCoLtdpost.h */,
				64474CC0197A42CD000C1C7D /* TSCoLtdpost.m */,
				64474CC1197A42CD000C1C7D /* TSFactorypost.h */,
				64474CC2197A42CD000C1C7D /* TSFactorypost.m */,
				64474CC3197A42CD000C1C7D /* TSThridNavigationController.h */,
				64474CC4197A42CD000C1C7D /* TSThridNavigationController.m */,
				64474CCB197AADBF000C1C7D /* SearchThridTableViewController.h */,
				64474CCC197AADBF000C1C7D /* SearchThridTableViewController.m */,
			);
			name = ThridView;
			sourceTree = "<group>";
		};
		64FA00FF18E40AA9006E12B2 /* ForthView */ = {
			isa = PBXGroup;
			children = (
				EB00B1F0196CF03E00F7388E /* TSForthViewController.h */,
				EB00B1F1196CF03E00F7388E /* TSForthViewController.m */,
				EB00B1F3196D923200F7388E /* TSForthViewControllerCell.h */,
				EB00B1F4196D923200F7388E /* TSForthViewControllerCell.m */,
				EB086817196F886600EF416B /* WebViewController.h */,
				EB086818196F886600EF416B /* WebViewController.m */,
				EB081667196E281900C03045 /* 1.png */,
				EB08168C196E858D00C03045 /* detalis_thubmail.png */,
			);
			name = ForthView;
			sourceTree = "<group>";
		};
		64FA010018E40AF0006E12B2 /* Application */ = {
			isa = PBXGroup;
			children = (
				64FA00D618E409A0006E12B2 /* Main.storyboard */,
				64FA010918E41314006E12B2 /* Localizable.strings */,
				64FA00CD18E409A0006E12B2 /* InfoPlist.strings */,
				64FA00D318E409A0006E12B2 /* TSAppDelegate.h */,
				64FA00D418E409A0006E12B2 /* TSAppDelegate.m */,
				EB5BDBA11972EC7100403299 /* TSAppDoNetAPIClient.h */,
				EB5BDBA21972EC7100403299 /* TSAppDoNetAPIClient.m */,
			);
			name = Application;
			sourceTree = "<group>";
		};
		64FA011018E41C5F006E12B2 /* MainTabBar */ = {
			isa = PBXGroup;
			children = (
				64FA011118E41CFB006E12B2 /* TSMainTabBarController.h */,
				64FA011218E41CFB006E12B2 /* TSMainTabBarController.m */,
			);
			name = MainTabBar;
			sourceTree = "<group>";
		};
		EB0688921973CA3B001AC4C1 /* fmdb */ = {
			isa = PBXGroup;
			children = (
				EB0688931973CA3B001AC4C1 /* FMDatabase.h */,
				EB0688941973CA3B001AC4C1 /* FMDatabase.m */,
				EB0688951973CA3B001AC4C1 /* FMDatabaseAdditions.h */,
				EB0688961973CA3B001AC4C1 /* FMDatabaseAdditions.m */,
				EB0688971973CA3B001AC4C1 /* FMDatabasePool.h */,
				EB0688981973CA3B001AC4C1 /* FMDatabasePool.m */,
				EB0688991973CA3B001AC4C1 /* FMDatabaseQueue.h */,
				EB06889A1973CA3B001AC4C1 /* FMDatabaseQueue.m */,
				EB06889B1973CA3B001AC4C1 /* FMDB.h */,
				EB06889C1973CA3B001AC4C1 /* FMResultSet.h */,
				EB06889D1973CA3B001AC4C1 /* FMResultSet.m */,
			);
			path = fmdb;
			sourceTree = "<group>";
		};
		EB0688A81973D7A7001AC4C1 /* Models */ = {
			isa = PBXGroup;
			children = (
				EB0688A91973D7DB001AC4C1 /* TSrecommendPost.h */,
				EB0688AA1973D7DB001AC4C1 /* TSrecommendPost.m */,
				EB0688AC1973E7A4001AC4C1 /* TSItemDetailPost.h */,
				EB0688AD1973E7A4001AC4C1 /* TSItemDetailPost.m */,
				EB642BCA197508DC00E4E527 /* TSCommentPost.h */,
				EB642BCB197508DC00E4E527 /* TSCommentPost.m */,
				EB0AB52C19760EA400FBF1B6 /* TSItemListPost.h */,
				EB0AB52D19760EA400FBF1B6 /* TSItemListPost.m */,
			);
			name = Models;
			sourceTree = "<group>";
		};
		EBC2525F1972D3D9006835A6 /* item */ = {
			isa = PBXGroup;
			children = (
				EB81EDCE1972397600AAE4DA /* TSItemTableViewCell.h */,
				EB81EDCF1972397600AAE4DA /* TSItemTableViewCell.m */,
				EB81EDD01972397600AAE4DA /* TSItemTableViewCell.xib */,
				EBC2526A1972D565006835A6 /* TSItemListTableViewController.h */,
				EBC2526B1972D565006835A6 /* TSItemListTableViewController.m */,
				EBC2526C1972D565006835A6 /* TSItemListTableViewController.xib */,
				EB0688AF19740E77001AC4C1 /* TSItemDetaillTableViewController.h */,
				EB0688B019740E77001AC4C1 /* TSItemDetaillTableViewController.m */,
			);
			name = item;
			sourceTree = "<group>";
		};
/* End PBXGroup section */

/* Begin PBXNativeTarget section */
		64FA00C018E409A0006E12B2 /* TS51huapao */ = {
			isa = PBXNativeTarget;
			buildConfigurationList = 64FA00F618E409A0006E12B2 /* Build configuration list for PBXNativeTarget "TS51huapao" */;
			buildPhases = (
				64FA00BD18E409A0006E12B2 /* Sources */,
				64FA00BE18E409A0006E12B2 /* Frameworks */,
				64FA00BF18E409A0006E12B2 /* Resources */,
			);
			buildRules = (
			);
			dependencies = (
			);
			name = TS51huapao;
			productName = TS51huapao;
			productReference = 64FA00C118E409A0006E12B2 /* TS51huapao.app */;
			productType = "com.apple.product-type.application";
		};
		64FA00E418E409A0006E12B2 /* TS51huapaoTests */ = {
			isa = PBXNativeTarget;
			buildConfigurationList = 64FA00F918E409A0006E12B2 /* Build configuration list for PBXNativeTarget "TS51huapaoTests" */;
			buildPhases = (
				64FA00E118E409A0006E12B2 /* Sources */,
				64FA00E218E409A0006E12B2 /* Frameworks */,
				64FA00E318E409A0006E12B2 /* Resources */,
			);
			buildRules = (
			);
			dependencies = (
				64FA00EB18E409A0006E12B2 /* PBXTargetDependency */,
			);
			name = TS51huapaoTests;
			productName = TS51huapaoTests;
			productReference = 64FA00E518E409A0006E12B2 /* TS51huapaoTests.xctest */;
			productType = "com.apple.product-type.bundle.unit-test";
		};
/* End PBXNativeTarget section */

/* Begin PBXProject section */
		64FA00B918E409A0006E12B2 /* Project object */ = {
			isa = PBXProject;
			attributes = {
				CLASSPREFIX = TS;
				LastUpgradeCheck = 0510;
				ORGANIZATIONNAME = "Teesson Fireworks";
				TargetAttributes = {
					64FA00C018E409A0006E12B2 = {
						DevelopmentTeam = 7RU3RZNRFD;
					};
					64FA00E418E409A0006E12B2 = {
						TestTargetID = 64FA00C018E409A0006E12B2;
					};
				};
			};
			buildConfigurationList = 64FA00BC18E409A0006E12B2 /* Build configuration list for PBXProject "TS51huapao" */;
			compatibilityVersion = "Xcode 3.2";
			developmentRegion = English;
			hasScannedForEncodings = 0;
			knownRegions = (
				en,
				Base,
				"zh-Hans",
			);
			mainGroup = 64FA00B818E409A0006E12B2;
			productRefGroup = 64FA00C218E409A0006E12B2 /* Products */;
			projectDirPath = "";
			projectRoot = "";
			targets = (
				64FA00C018E409A0006E12B2 /* TS51huapao */,
				64FA00E418E409A0006E12B2 /* TS51huapaoTests */,
			);
		};
/* End PBXProject section */

/* Begin PBXResourcesBuildPhase section */
		64FA00BF18E409A0006E12B2 /* Resources */ = {
			isa = PBXResourcesBuildPhase;
			buildActionMask = 2147483647;
			files = (
				649E303E197A4030002E22DD /* Images.xcassets in Resources */,
				EBC2526E1972D565006835A6 /* TSItemListTableViewController.xib in Resources */,
				64FA010718E41314006E12B2 /* Localizable.strings in Resources */,
				64FA00CF18E409A0006E12B2 /* InfoPlist.strings in Resources */,
				647F35E919616A240014A64F /* MJRefresh.bundle in Resources */,
				64FA00D818E409A0006E12B2 /* Main.storyboard in Resources */,
				EB081668196E281900C03045 /* 1.png in Resources */,
				EB08168D196E858D00C03045 /* detalis_thubmail.png in Resources */,
				EB81EDD21972397600AAE4DA /* TSItemTableViewCell.xib in Resources */,
			);
			runOnlyForDeploymentPostprocessing = 0;
		};
		64FA00E318E409A0006E12B2 /* Resources */ = {
			isa = PBXResourcesBuildPhase;
			buildActionMask = 2147483647;
			files = (
				64FA00F118E409A0006E12B2 /* InfoPlist.strings in Resources */,
				EB081666196E247F00C03045 /* 1.png in Resources */,
			);
			runOnlyForDeploymentPostprocessing = 0;
		};
/* End PBXResourcesBuildPhase section */

/* Begin PBXSourcesBuildPhase section */
		64FA00BD18E409A0006E12B2 /* Sources */ = {
			isa = PBXSourcesBuildPhase;
			buildActionMask = 2147483647;
			files = (
				EB81EDDD19727E4900AAE4DA /* TSRcmd.m in Sources */,
				643A14EA195BB72E00854928 /* AFURLConnectionOperation.m in Sources */,
				64062A261958248E00C3FED5 /* NSString+FontAwesome.m in Sources */,
				64474CC9197A42CD000C1C7D /* TSFactorypost.m in Sources */,
				EB06889E1973CA3B001AC4C1 /* FMDatabase.m in Sources */,
				643A14E9195BB72E00854928 /* AFSecurityPolicy.m in Sources */,
				EBC2525E1972CD00006835A6 /* NSString+URLEncoding.m in Sources */,
				647F35EE19616A240014A64F /* UIScrollView+Extension.m in Sources */,
				64FA00D118E409A0006E12B2 /* main.m in Sources */,
				EB0688AE1973E7A4001AC4C1 /* TSItemDetailPost.m in Sources */,
				643A1505195BB74200854928 /* UIProgressView+AFNetworking.m in Sources */,
				64474CC7197A42CD000C1C7D /* TSfactoryTableViewController.m in Sources */,
				EB0688B119740E77001AC4C1 /* TSItemDetaillTableViewController.m in Sources */,
				EB00B1F5196D923200F7388E /* TSForthViewControllerCell.m in Sources */,
				647F35ED19616A240014A64F /* MJRefreshHeaderView.m in Sources */,
				EB5BDBA31972EC7100403299 /* TSAppDoNetAPIClient.m in Sources */,
				EB642BCC197508DC00E4E527 /* TSCommentPost.m in Sources */,
				643A1502195BB74200854928 /* UIAlertView+AFNetworking.m in Sources */,
				643A1500195BB74200854928 /* AFNetworkActivityIndicatorManager.m in Sources */,
				EB086819196F886600EF416B /* WebViewController.m in Sources */,
				EB0688A71973CFBE001AC4C1 /* UIImage+saveimage.m in Sources */,
				EB0688AB1973D7DB001AC4C1 /* TSrecommendPost.m in Sources */,
				EB0688A01973CA3B001AC4C1 /* FMDatabasePool.m in Sources */,
				643A14E6195BB72E00854928 /* AFHTTPRequestOperationManager.m in Sources */,
				643A1503195BB74200854928 /* UIButton+AFNetworking.m in Sources */,
				643A1501195BB74200854928 /* UIActivityIndicatorView+AFNetworking.m in Sources */,
				64474CC5197A42CD000C1C7D /* TSMakeViewController.m in Sources */,
				647F35EA19616A240014A64F /* MJRefreshBaseView.m in Sources */,
				64FA011318E41CFB006E12B2 /* TSMainTabBarController.m in Sources */,
				647F35EC19616A240014A64F /* MJRefreshFooterView.m in Sources */,
				64474CCD197AADBF000C1C7D /* SearchThridTableViewController.m in Sources */,
				643A1507195BB74200854928 /* UIWebView+AFNetworking.m in Sources */,
				64FA00DE18E409A0006E12B2 /* TSSecondViewController.m in Sources */,
				642D8C4F18E52F2D0014FCFC /* TSFirstNavigation.m in Sources */,
				64FA010F18E41910006E12B2 /* TSThridViewController.m in Sources */,
				64474CCA197A42CD000C1C7D /* TSThridNavigationController.m in Sources */,
				EB81EDD11972397600AAE4DA /* TSItemTableViewCell.m in Sources */,
				EBC2526D1972D565006835A6 /* TSItemListTableViewController.m in Sources */,
				64062A231958241A00C3FED5 /* UIButton+Style.m in Sources */,
				EB0688A21973CA3B001AC4C1 /* FMResultSet.m in Sources */,
				643A14ED195BB72E00854928 /* AFURLSessionManager.m in Sources */,
				643A14EC195BB72E00854928 /* AFURLResponseSerialization.m in Sources */,
				64474CC8197A42CD000C1C7D /* TSCoLtdpost.m in Sources */,
				647F35F019616A240014A64F /* UIView+Extension.m in Sources */,
				64FA00D518E409A0006E12B2 /* TSAppDelegate.m in Sources */,
				64474CC6197A42CD000C1C7D /* TSResultViewController.m in Sources */,
				EB06889F1973CA3B001AC4C1 /* FMDatabaseAdditions.m in Sources */,
				647F35EF19616A240014A64F /* UIScrollView+MJRefresh.m in Sources */,
				EB0AB52E19760EA400FBF1B6 /* TSItemListPost.m in Sources */,
				647F35EB19616A240014A64F /* MJRefreshConst.m in Sources */,
				6457DE0618E55E49008193BC /* UIImage+UIImageExtras.m in Sources */,
				EB00B1F2196CF03E00F7388E /* TSForthViewController.m in Sources */,
				643A14EB195BB72E00854928 /* AFURLRequestSerialization.m in Sources */,
				643A1506195BB74200854928 /* UIRefreshControl+AFNetworking.m in Sources */,
				EB0688A11973CA3B001AC4C1 /* FMDatabaseQueue.m in Sources */,
				643A1504195BB74200854928 /* UIImageView+AFNetworking.m in Sources */,
				647F35F319625A840014A64F /* UIView+FoxExtras.m in Sources */,
				643A14E8195BB72E00854928 /* AFNetworkReachabilityManager.m in Sources */,
				64FA00DB18E409A0006E12B2 /* TSFirstViewController.m in Sources */,
				643A14E5195BB72E00854928 /* AFHTTPRequestOperation.m in Sources */,
				643A14E7195BB72E00854928 /* AFHTTPSessionManager.m in Sources */,
			);
			runOnlyForDeploymentPostprocessing = 0;
		};
		64FA00E118E409A0006E12B2 /* Sources */ = {
			isa = PBXSourcesBuildPhase;
			buildActionMask = 2147483647;
			files = (
				64FA00F318E409A0006E12B2 /* TS51huapaoTests.m in Sources */,
			);
			runOnlyForDeploymentPostprocessing = 0;
		};
/* End PBXSourcesBuildPhase section */

/* Begin PBXTargetDependency section */
		64FA00EB18E409A0006E12B2 /* PBXTargetDependency */ = {
			isa = PBXTargetDependency;
			target = 64FA00C018E409A0006E12B2 /* TS51huapao */;
			targetProxy = 64FA00EA18E409A0006E12B2 /* PBXContainerItemProxy */;
		};
/* End PBXTargetDependency section */

/* Begin PBXVariantGroup section */
		64FA00CD18E409A0006E12B2 /* InfoPlist.strings */ = {
			isa = PBXVariantGroup;
			children = (
				64FA00CE18E409A0006E12B2 /* en */,
				64FA010218E40F23006E12B2 /* zh-Hans */,
				64FA010618E412CD006E12B2 /* Base */,
			);
			name = InfoPlist.strings;
			sourceTree = "<group>";
		};
		64FA00D618E409A0006E12B2 /* Main.storyboard */ = {
			isa = PBXVariantGroup;
			children = (
				64FA00D718E409A0006E12B2 /* Base */,
				64FA010118E40F23006E12B2 /* zh-Hans */,
				64FA010C18E4139B006E12B2 /* en */,
			);
			name = Main.storyboard;
			sourceTree = "<group>";
		};
		64FA00EF18E409A0006E12B2 /* InfoPlist.strings */ = {
			isa = PBXVariantGroup;
			children = (
				64FA00F018E409A0006E12B2 /* en */,
				64FA010318E40F23006E12B2 /* zh-Hans */,
			);
			name = InfoPlist.strings;
			sourceTree = "<group>";
		};
		64FA010918E41314006E12B2 /* Localizable.strings */ = {
			isa = PBXVariantGroup;
			children = (
				64FA010818E41314006E12B2 /* zh-Hans */,
				64FA010A18E41322006E12B2 /* en */,
			);
			name = Localizable.strings;
			sourceTree = "<group>";
		};
/* End PBXVariantGroup section */

/* Begin XCBuildConfiguration section */
		64FA00F418E409A0006E12B2 /* Debug */ = {
			isa = XCBuildConfiguration;
			buildSettings = {
				ALWAYS_SEARCH_USER_PATHS = NO;
				CLANG_CXX_LANGUAGE_STANDARD = "gnu++0x";
				CLANG_CXX_LIBRARY = "libc++";
				CLANG_ENABLE_MODULES = YES;
				CLANG_ENABLE_OBJC_ARC = YES;
				CLANG_WARN_BOOL_CONVERSION = YES;
				CLANG_WARN_CONSTANT_CONVERSION = YES;
				CLANG_WARN_DIRECT_OBJC_ISA_USAGE = YES_ERROR;
				CLANG_WARN_EMPTY_BODY = YES;
				CLANG_WARN_ENUM_CONVERSION = YES;
				CLANG_WARN_INT_CONVERSION = YES;
				CLANG_WARN_OBJC_ROOT_CLASS = YES_ERROR;
				CLANG_WARN__DUPLICATE_METHOD_MATCH = YES;
				"CODE_SIGN_IDENTITY[sdk=iphoneos*]" = "iPhone Developer";
				COPY_PHASE_STRIP = NO;
				GCC_C_LANGUAGE_STANDARD = gnu99;
				GCC_DYNAMIC_NO_PIC = NO;
				GCC_OPTIMIZATION_LEVEL = 0;
				GCC_PREPROCESSOR_DEFINITIONS = (
					"DEBUG=1",
					"$(inherited)",
				);
				GCC_SYMBOLS_PRIVATE_EXTERN = NO;
				GCC_WARN_64_TO_32_BIT_CONVERSION = YES;
				GCC_WARN_ABOUT_RETURN_TYPE = YES_ERROR;
				GCC_WARN_UNDECLARED_SELECTOR = YES;
				GCC_WARN_UNINITIALIZED_AUTOS = YES_AGGRESSIVE;
				GCC_WARN_UNUSED_FUNCTION = YES;
				GCC_WARN_UNUSED_VARIABLE = YES;
				IPHONEOS_DEPLOYMENT_TARGET = 7.1;
				ONLY_ACTIVE_ARCH = YES;
				SDKROOT = iphoneos;
			};
			name = Debug;
		};
		64FA00F518E409A0006E12B2 /* Release */ = {
			isa = XCBuildConfiguration;
			buildSettings = {
				ALWAYS_SEARCH_USER_PATHS = NO;
				CLANG_CXX_LANGUAGE_STANDARD = "gnu++0x";
				CLANG_CXX_LIBRARY = "libc++";
				CLANG_ENABLE_MODULES = YES;
				CLANG_ENABLE_OBJC_ARC = YES;
				CLANG_WARN_BOOL_CONVERSION = YES;
				CLANG_WARN_CONSTANT_CONVERSION = YES;
				CLANG_WARN_DIRECT_OBJC_ISA_USAGE = YES_ERROR;
				CLANG_WARN_EMPTY_BODY = YES;
				CLANG_WARN_ENUM_CONVERSION = YES;
				CLANG_WARN_INT_CONVERSION = YES;
				CLANG_WARN_OBJC_ROOT_CLASS = YES_ERROR;
				CLANG_WARN__DUPLICATE_METHOD_MATCH = YES;
				"CODE_SIGN_IDENTITY[sdk=iphoneos*]" = "iPhone Developer";
				COPY_PHASE_STRIP = YES;
				ENABLE_NS_ASSERTIONS = NO;
				GCC_C_LANGUAGE_STANDARD = gnu99;
				GCC_WARN_64_TO_32_BIT_CONVERSION = YES;
				GCC_WARN_ABOUT_RETURN_TYPE = YES_ERROR;
				GCC_WARN_UNDECLARED_SELECTOR = YES;
				GCC_WARN_UNINITIALIZED_AUTOS = YES_AGGRESSIVE;
				GCC_WARN_UNUSED_FUNCTION = YES;
				GCC_WARN_UNUSED_VARIABLE = YES;
				IPHONEOS_DEPLOYMENT_TARGET = 7.1;
				SDKROOT = iphoneos;
				VALIDATE_PRODUCT = YES;
			};
			name = Release;
		};
		64FA00F718E409A0006E12B2 /* Debug */ = {
			isa = XCBuildConfiguration;
			buildSettings = {
				ASSETCATALOG_COMPILER_APPICON_NAME = AppIcon;
				ASSETCATALOG_COMPILER_LAUNCHIMAGE_NAME = LaunchImage;
				CODE_SIGN_IDENTITY = "iPhone Developer";
				"CODE_SIGN_IDENTITY[sdk=iphoneos*]" = "iPhone Developer";
				GCC_PRECOMPILE_PREFIX_HEADER = YES;
				GCC_PREFIX_HEADER = "TS51huapao/TS51huapao-Prefix.pch";
				GCC_WARN_UNDECLARED_SELECTOR = NO;
				INFOPLIST_FILE = "TS51huapao/TS51huapao-Info.plist";
				IPHONEOS_DEPLOYMENT_TARGET = 7.0;
				PRODUCT_NAME = "$(TARGET_NAME)";
				PROVISIONING_PROFILE = "";
				WRAPPER_EXTENSION = app;
			};
			name = Debug;
		};
		64FA00F818E409A0006E12B2 /* Release */ = {
			isa = XCBuildConfiguration;
			buildSettings = {
				ASSETCATALOG_COMPILER_APPICON_NAME = AppIcon;
				ASSETCATALOG_COMPILER_LAUNCHIMAGE_NAME = LaunchImage;
				CODE_SIGN_IDENTITY = "iPhone Developer";
				"CODE_SIGN_IDENTITY[sdk=iphoneos*]" = "iPhone Developer";
				GCC_PRECOMPILE_PREFIX_HEADER = YES;
				GCC_PREFIX_HEADER = "TS51huapao/TS51huapao-Prefix.pch";
				GCC_WARN_UNDECLARED_SELECTOR = NO;
				INFOPLIST_FILE = "TS51huapao/TS51huapao-Info.plist";
				IPHONEOS_DEPLOYMENT_TARGET = 7.0;
				PRODUCT_NAME = "$(TARGET_NAME)";
				PROVISIONING_PROFILE = "";
				WRAPPER_EXTENSION = app;
			};
			name = Release;
		};
		64FA00FA18E409A0006E12B2 /* Debug */ = {
			isa = XCBuildConfiguration;
			buildSettings = {
				BUNDLE_LOADER = "$(BUILT_PRODUCTS_DIR)/TS51huapao.app/TS51huapao";
				FRAMEWORK_SEARCH_PATHS = (
					"$(SDKROOT)/Developer/Library/Frameworks",
					"$(inherited)",
					"$(DEVELOPER_FRAMEWORKS_DIR)",
				);
				GCC_PRECOMPILE_PREFIX_HEADER = YES;
				GCC_PREFIX_HEADER = "TS51huapao/TS51huapao-Prefix.pch";
				GCC_PREPROCESSOR_DEFINITIONS = (
					"DEBUG=1",
					"$(inherited)",
				);
				INFOPLIST_FILE = "TS51huapaoTests/TS51huapaoTests-Info.plist";
				PRODUCT_NAME = "$(TARGET_NAME)";
				TEST_HOST = "$(BUNDLE_LOADER)";
				WRAPPER_EXTENSION = xctest;
			};
			name = Debug;
		};
		64FA00FB18E409A0006E12B2 /* Release */ = {
			isa = XCBuildConfiguration;
			buildSettings = {
				BUNDLE_LOADER = "$(BUILT_PRODUCTS_DIR)/TS51huapao.app/TS51huapao";
				FRAMEWORK_SEARCH_PATHS = (
					"$(SDKROOT)/Developer/Library/Frameworks",
					"$(inherited)",
					"$(DEVELOPER_FRAMEWORKS_DIR)",
				);
				GCC_PRECOMPILE_PREFIX_HEADER = YES;
				GCC_PREFIX_HEADER = "TS51huapao/TS51huapao-Prefix.pch";
				INFOPLIST_FILE = "TS51huapaoTests/TS51huapaoTests-Info.plist";
				PRODUCT_NAME = "$(TARGET_NAME)";
				TEST_HOST = "$(BUNDLE_LOADER)";
				WRAPPER_EXTENSION = xctest;
			};
			name = Release;
		};
/* End XCBuildConfiguration section */

/* Begin XCConfigurationList section */
		64FA00BC18E409A0006E12B2 /* Build configuration list for PBXProject "TS51huapao" */ = {
			isa = XCConfigurationList;
			buildConfigurations = (
				64FA00F418E409A0006E12B2 /* Debug */,
				64FA00F518E409A0006E12B2 /* Release */,
			);
			defaultConfigurationIsVisible = 0;
			defaultConfigurationName = Release;
		};
		64FA00F618E409A0006E12B2 /* Build configuration list for PBXNativeTarget "TS51huapao" */ = {
			isa = XCConfigurationList;
			buildConfigurations = (
				64FA00F718E409A0006E12B2 /* Debug */,
				64FA00F818E409A0006E12B2 /* Release */,
			);
			defaultConfigurationIsVisible = 0;
			defaultConfigurationName = Release;
		};
		64FA00F918E409A0006E12B2 /* Build configuration list for PBXNativeTarget "TS51huapaoTests" */ = {
			isa = XCConfigurationList;
			buildConfigurations = (
				64FA00FA18E409A0006E12B2 /* Debug */,
				64FA00FB18E409A0006E12B2 /* Release */,
			);
			defaultConfigurationIsVisible = 0;
			defaultConfigurationName = Release;
		};
/* End XCConfigurationList section */
	};
	rootObject = 64FA00B918E409A0006E12B2 /* Project object */;
}
